// !$*UTF8*$!
{
	archiveVersion = 1;
	classes = {
	};
	objectVersion = 46;
	objects = {

/* Begin PBXBuildFile section */
		90C0591E1BA882B100699FBE /* AppDelegate.swift in Sources */ = {isa = PBXBuildFile; fileRef = 90C0591D1BA882B100699FBE /* AppDelegate.swift */; };
		90C059201BA882B100699FBE /* ViewController.swift in Sources */ = {isa = PBXBuildFile; fileRef = 90C0591F1BA882B100699FBE /* ViewController.swift */; };
		90C059231BA882B100699FBE /* Main.storyboard in Resources */ = {isa = PBXBuildFile; fileRef = 90C059211BA882B100699FBE /* Main.storyboard */; };
		90C059251BA882B100699FBE /* Images.xcassets in Resources */ = {isa = PBXBuildFile; fileRef = 90C059241BA882B100699FBE /* Images.xcassets */; };
		90C059281BA882B100699FBE /* LaunchScreen.xib in Resources */ = {isa = PBXBuildFile; fileRef = 90C059261BA882B100699FBE /* LaunchScreen.xib */; };
		90C059341BA882B100699FBE /* NavigationBarHiddenAnimatesNaturallyTests.swift in Sources */ = {isa = PBXBuildFile; fileRef = 90C059331BA882B100699FBE /* NavigationBarHiddenAnimatesNaturallyTests.swift */; };
		90C0593E1BA8831300699FBE /* PageViewController.swift in Sources */ = {isa = PBXBuildFile; fileRef = 90C0593D1BA8831300699FBE /* PageViewController.swift */; };
/* End PBXBuildFile section */

/* Begin PBXContainerItemProxy section */
		90C0592E1BA882B100699FBE /* PBXContainerItemProxy */ = {
			isa = PBXContainerItemProxy;
			containerPortal = 90C059101BA882B100699FBE /* Project object */;
			proxyType = 1;
			remoteGlobalIDString = 90C059171BA882B100699FBE;
			remoteInfo = NavigationBarHiddenAnimatesNaturally;
		};
/* End PBXContainerItemProxy section */

/* Begin PBXFileReference section */
		90C059181BA882B100699FBE /* NavigationBarHiddenAnimatesNaturally.app */ = {isa = PBXFileReference; explicitFileType = wrapper.application; includeInIndex = 0; path = NavigationBarHiddenAnimatesNaturally.app; sourceTree = BUILT_PRODUCTS_DIR; };
		90C0591C1BA882B100699FBE /* Info.plist */ = {isa = PBXFileReference; lastKnownFileType = text.plist.xml; path = Info.plist; sourceTree = "<group>"; };
		90C0591D1BA882B100699FBE /* AppDelegate.swift */ = {isa = PBXFileReference; lastKnownFileType = sourcecode.swift; path = AppDelegate.swift; sourceTree = "<group>"; };
		90C0591F1BA882B100699FBE /* ViewController.swift */ = {isa = PBXFileReference; lastKnownFileType = sourcecode.swift; path = ViewController.swift; sourceTree = "<group>"; };
		90C059221BA882B100699FBE /* Base */ = {isa = PBXFileReference; lastKnownFileType = file.storyboard; name = Base; path = Base.lproj/Main.storyboard; sourceTree = "<group>"; };
		90C059241BA882B100699FBE /* Images.xcassets */ = {isa = PBXFileReference; lastKnownFileType = folder.assetcatalog; path = Images.xcassets; sourceTree = "<group>"; };
		90C059271BA882B100699FBE /* Base */ = {isa = PBXFileReference; lastKnownFileType = file.xib; name = Base; path = Base.lproj/LaunchScreen.xib; sourceTree = "<group>"; };
		90C0592D1BA882B100699FBE /* NavigationBarHiddenAnimatesNaturallyTests.xctest */ = {isa = PBXFileReference; explicitFileType = wrapper.cfbundle; includeInIndex = 0; path = NavigationBarHiddenAnimatesNaturallyTests.xctest; sourceTree = BUILT_PRODUCTS_DIR; };
		90C059321BA882B100699FBE /* Info.plist */ = {isa = PBXFileReference; lastKnownFileType = text.plist.xml; path = Info.plist; sourceTree = "<group>"; };
		90C059331BA882B100699FBE /* NavigationBarHiddenAnimatesNaturallyTests.swift */ = {isa = PBXFileReference; lastKnownFileType = sourcecode.swift; path = NavigationBarHiddenAnimatesNaturallyTests.swift; sourceTree = "<group>"; };
		90C0593D1BA8831300699FBE /* PageViewController.swift */ = {isa = PBXFileReference; fileEncoding = 4; lastKnownFileType = sourcecode.swift; path = PageViewController.swift; sourceTree = "<group>"; };
/* End PBXFileReference section */

/* Begin PBXFrameworksBuildPhase section */
		90C059151BA882B100699FBE /* Frameworks */ = {
			isa = PBXFrameworksBuildPhase;
			buildActionMask = 2147483647;
			files = (
			);
			runOnlyForDeploymentPostprocessing = 0;
		};
		90C0592A1BA882B100699FBE /* Frameworks */ = {
			isa = PBXFrameworksBuildPhase;
			buildActionMask = 2147483647;
			files = (
			);
			runOnlyForDeploymentPostprocessing = 0;
		};
/* End PBXFrameworksBuildPhase section */

/* Begin PBXGroup section */
		90C0590F1BA882B100699FBE = {
			isa = PBXGroup;
			children = (
				90C0591A1BA882B100699FBE /* NavigationBarHiddenAnimatesNaturally */,
				90C059301BA882B100699FBE /* NavigationBarHiddenAnimatesNaturallyTests */,
				90C059191BA882B100699FBE /* Products */,
			);
			sourceTree = "<group>";
		};
		90C059191BA882B100699FBE /* Products */ = {
			isa = PBXGroup;
			children = (
				90C059181BA882B100699FBE /* NavigationBarHiddenAnimatesNaturally.app */,
				90C0592D1BA882B100699FBE /* NavigationBarHiddenAnimatesNaturallyTests.xctest */,
			);
			name = Products;
			sourceTree = "<group>";
		};
		90C0591A1BA882B100699FBE /* NavigationBarHiddenAnimatesNaturally */ = {
			isa = PBXGroup;
			children = (
				90C0591D1BA882B100699FBE /* AppDelegate.swift */,
				90C0591F1BA882B100699FBE /* ViewController.swift */,
				90C0593D1BA8831300699FBE /* PageViewController.swift */,
				90C059211BA882B100699FBE /* Main.storyboard */,
				90C059241BA882B100699FBE /* Images.xcassets */,
				90C059261BA882B100699FBE /* LaunchScreen.xib */,
				90C0591B1BA882B100699FBE /* Supporting Files */,
			);
			path = NavigationBarHiddenAnimatesNaturally;
			sourceTree = "<group>";
		};
		90C0591B1BA882B100699FBE /* Supporting Files */ = {
			isa = PBXGroup;
			children = (
				90C0591C1BA882B100699FBE /* Info.plist */,
			);
			name = "Supporting Files";
			sourceTree = "<group>";
		};
		90C059301BA882B100699FBE /* NavigationBarHiddenAnimatesNaturallyTests */ = {
			isa = PBXGroup;
			children = (
				90C059331BA882B100699FBE /* NavigationBarHiddenAnimatesNaturallyTests.swift */,
				90C059311BA882B100699FBE /* Supporting Files */,
			);
			path = NavigationBarHiddenAnimatesNaturallyTests;
			sourceTree = "<group>";
		};
		90C059311BA882B100699FBE /* Supporting Files */ = {
			isa = PBXGroup;
			children = (
				90C059321BA882B100699FBE /* Info.plist */,
			);
			name = "Supporting Files";
			sourceTree = "<group>";
		};
/* End PBXGroup section */

/* Begin PBXNativeTarget section */
		90C059171BA882B100699FBE /* NavigationBarHiddenAnimatesNaturally */ = {
			isa = PBXNativeTarget;
			buildConfigurationList = 90C059371BA882B100699FBE /* Build configuration list for PBXNativeTarget "NavigationBarHiddenAnimatesNaturally" */;
			buildPhases = (
				90C059141BA882B100699FBE /* Sources */,
				90C059151BA882B100699FBE /* Frameworks */,
				90C059161BA882B100699FBE /* Resources */,
			);
			buildRules = (
			);
			dependencies = (
			);
			name = NavigationBarHiddenAnimatesNaturally;
			productName = NavigationBarHiddenAnimatesNaturally;
			productReference = 90C059181BA882B100699FBE /* NavigationBarHiddenAnimatesNaturally.app */;
			productType = "com.apple.product-type.application";
		};
		90C0592C1BA882B100699FBE /* NavigationBarHiddenAnimatesNaturallyTests */ = {
			isa = PBXNativeTarget;
			buildConfigurationList = 90C0593A1BA882B100699FBE /* Build configuration list for PBXNativeTarget "NavigationBarHiddenAnimatesNaturallyTests" */;
			buildPhases = (
				90C059291BA882B100699FBE /* Sources */,
				90C0592A1BA882B100699FBE /* Frameworks */,
				90C0592B1BA882B100699FBE /* Resources */,
			);
			buildRules = (
			);
			dependencies = (
				90C0592F1BA882B100699FBE /* PBXTargetDependency */,
			);
			name = NavigationBarHiddenAnimatesNaturallyTests;
			productName = NavigationBarHiddenAnimatesNaturallyTests;
			productReference = 90C0592D1BA882B100699FBE /* NavigationBarHiddenAnimatesNaturallyTests.xctest */;
			productType = "com.apple.product-type.bundle.unit-test";
		};
/* End PBXNativeTarget section */

/* Begin PBXProject section */
		90C059101BA882B100699FBE /* Project object */ = {
			isa = PBXProject;
			attributes = {
				LastUpgradeCheck = 0640;
				ORGANIZATIONNAME = molabo;
				TargetAttributes = {
					90C059171BA882B100699FBE = {
						CreatedOnToolsVersion = 6.4;
					};
					90C0592C1BA882B100699FBE = {
						CreatedOnToolsVersion = 6.4;
						TestTargetID = 90C059171BA882B100699FBE;
					};
				};
			};
			buildConfigurationList = 90C059131BA882B100699FBE /* Build configuration list for PBXProject "NavigationBarHiddenAnimatesNaturally" */;
			compatibilityVersion = "Xcode 3.2";
			developmentRegion = English;
			hasScannedForEncodings = 0;
			knownRegions = (
				en,
				Base,
			);
			mainGroup = 90C0590F1BA882B100699FBE;
			productRefGroup = 90C059191BA882B100699FBE /* Products */;
			projectDirPath = "";
			projectRoot = "";
			targets = (
				90C059171BA882B100699FBE /* NavigationBarHiddenAnimatesNaturally */,
				90C0592C1BA882B100699FBE /* NavigationBarHiddenAnimatesNaturallyTests */,
			);
		};
/* End PBXProject section */

/* Begin PBXResourcesBuildPhase section */
		90C059161BA882B100699FBE /* Resources */ = {
			isa = PBXResourcesBuildPhase;
			buildActionMask = 2147483647;
			files = (
				90C059231BA882B100699FBE /* Main.storyboard in Resources */,
				90C059281BA882B100699FBE /* LaunchScreen.xib in Resources */,
				90C059251BA882B100699FBE /* Images.xcassets in Resources */,
			);
			runOnlyForDeploymentPostprocessing = 0;
		};
		90C0592B1BA882B100699FBE /* Resources */ = {
			isa = PBXResourcesBuildPhase;
			buildActionMask = 2147483647;
			files = (
			);
			runOnlyForDeploymentPostprocessing = 0;
		};
/* End PBXResourcesBuildPhase section */

/* Begin PBXSourcesBuildPhase section */
		90C059141BA882B100699FBE /* Sources */ = {
			isa = PBXSourcesBuildPhase;
			buildActionMask = 2147483647;
			files = (
				90C0593E1BA8831300699FBE /* PageViewController.swift in Sources */,
				90C059201BA882B100699FBE /* ViewController.swift in Sources */,
				90C0591E1BA882B100699FBE /* AppDelegate.swift in Sources */,
			);
			runOnlyForDeploymentPostprocessing = 0;
		};
		90C059291BA882B100699FBE /* Sources */ = {
			isa = PBXSourcesBuildPhase;
			buildActionMask = 2147483647;
			files = (
				90C059341BA882B100699FBE /* NavigationBarHiddenAnimatesNaturallyTests.swift in Sources */,
			);
			runOnlyForDeploymentPostprocessing = 0;
		};
/* End PBXSourcesBuildPhase section */

/* Begin PBXTargetDependency section */
		90C0592F1BA882B100699FBE /* PBXTargetDependency */ = {
			isa = PBXTargetDependency;
			target = 90C059171BA882B100699FBE /* NavigationBarHiddenAnimatesNaturally */;
			targetProxy = 90C0592E1BA882B100699FBE /* PBXContainerItemProxy */;
		};
/* End PBXTargetDependency section */

/* Begin PBXVariantGroup section */
		90C059211BA882B100699FBE /* Main.storyboard */ = {
			isa = PBXVariantGroup;
			children = (
				90C059221BA882B100699FBE /* Base */,
			);
			name = Main.storyboard;
			sourceTree = "<group>";
		};
		90C059261BA882B100699FBE /* LaunchScreen.xib */ = {
			isa = PBXVariantGroup;
			children = (
				90C059271BA882B100699FBE /* Base */,
			);
			name = LaunchScreen.xib;
			sourceTree = "<group>";
		};
/* End PBXVariantGroup section */

/* Begin XCBuildConfiguration section */
		90C059351BA882B100699FBE /* Debug */ = {
			isa = XCBuildConfiguration;
			buildSettings = {
				ALWAYS_SEARCH_USER_PATHS = NO;
				CLANG_CXX_LANGUAGE_STANDARD = "gnu++0x";
				CLANG_CXX_LIBRARY = "libc++";
				CLANG_ENABLE_MODULES = YES;
				CLANG_ENABLE_OBJC_ARC = YES;
				CLANG_WARN_BOOL_CONVERSION = YES;
				CLANG_WARN_CONSTANT_CONVERSION = YES;
				CLANG_WARN_DIRECT_OBJC_ISA_USAGE = YES_ERROR;
				CLANG_WARN_EMPTY_BODY = YES;
				CLANG_WARN_ENUM_CONVERSION = YES;
				CLANG_WARN_INT_CONVERSION = YES;
				CLANG_WARN_OBJC_ROOT_CLASS = YES_ERROR;
				CLANG_WARN_UNREACHABLE_CODE = YES;
				CLANG_WARN__DUPLICATE_METHOD_MATCH = YES;
				"CODE_SIGN_IDENTITY[sdk=iphoneos*]" = "iPhone Developer";
				COPY_PHASE_STRIP = NO;
				DEBUG_INFORMATION_FORMAT = "dwarf-with-dsym";
				ENABLE_STRICT_OBJC_MSGSEND = YES;
				GCC_C_LANGUAGE_STANDARD = gnu99;
				GCC_DYNAMIC_NO_PIC = NO;
				GCC_NO_COMMON_BLOCKS = YES;
				GCC_OPTIMIZATION_LEVEL = 0;
				GCC_PREPROCESSOR_DEFINITIONS = (
					"DEBUG=1",
					"$(inherited)",
				);
				GCC_SYMBOLS_PRIVATE_EXTERN = NO;
				GCC_WARN_64_TO_32_BIT_CONVERSION = YES;
				GCC_WARN_ABOUT_RETURN_TYPE = YES_ERROR;
				GCC_WARN_UNDECLARED_SELECTOR = YES;
				GCC_WARN_UNINITIALIZED_AUTOS = YES_AGGRESSIVE;
				GCC_WARN_UNUSED_FUNCTION = YES;
				GCC_WARN_UNUSED_VARIABLE = YES;
				IPHONEOS_DEPLOYMENT_TARGET = 8.4;
				MTL_ENABLE_DEBUG_INFO = YES;
				ONLY_ACTIVE_ARCH = YES;
				SDKROOT = iphoneos;
				SWIFT_OPTIMIZATION_LEVEL = "-Onone";
				TARGETED_DEVICE_FAMILY = "1,2";
			};
			name = Debug;
		};
		90C059361BA882B100699FBE /* Release */ = {
			isa = XCBuildConfiguration;
			buildSettings = {
				ALWAYS_SEARCH_USER_PATHS = NO;
				CLANG_CXX_LANGUAGE_STANDARD = "gnu++0x";
				CLANG_CXX_LIBRARY = "libc++";
				CLANG_ENABLE_MODULES = YES;
				CLANG_ENABLE_OBJC_ARC = YES;
				CLANG_WARN_BOOL_CONVERSION = YES;
				CLANG_WARN_CONSTANT_CONVERSION = YES;
				CLANG_WARN_DIRECT_OBJC_ISA_USAGE = YES_ERROR;
				CLANG_WARN_EMPTY_BODY = YES;
				CLANG_WARN_ENUM_CONVERSION = YES;
				CLANG_WARN_INT_CONVERSION = YES;
				CLANG_WARN_OBJC_ROOT_CLASS = YES_ERROR;
				CLANG_WARN_UNREACHABLE_CODE = YES;
				CLANG_WARN__DUPLICATE_METHOD_MATCH = YES;
				"CODE_SIGN_IDENTITY[sdk=iphoneos*]" = "iPhone Developer";
				COPY_PHASE_STRIP = NO;
				DEBUG_INFORMATION_FORMAT = "dwarf-with-dsym";
				ENABLE_NS_ASSERTIONS = NO;
				ENABLE_STRICT_OBJC_MSGSEND = YES;
				GCC_C_LANGUAGE_STANDARD = gnu99;
				GCC_NO_COMMON_BLOCKS = YES;
				GCC_WARN_64_TO_32_BIT_CONVERSION = YES;
				GCC_WARN_ABOUT_RETURN_TYPE = YES_ERROR;
				GCC_WARN_UNDECLARED_SELECTOR = YES;
				GCC_WARN_UNINITIALIZED_AUTOS = YES_AGGRESSIVE;
				GCC_WARN_UNUSED_FUNCTION = YES;
				GCC_WARN_UNUSED_VARIABLE = YES;
				IPHONEOS_DEPLOYMENT_TARGET = 8.4;
				MTL_ENABLE_DEBUG_INFO = NO;
				SDKROOT = iphoneos;
				TARGETED_DEVICE_FAMILY = "1,2";
				VALIDATE_PRODUCT = YES;
			};
			name = Release;
		};
		90C059381BA882B100699FBE /* Debug */ = {
			isa = XCBuildConfiguration;
			buildSettings = {
				ASSETCATALOG_COMPILER_APPICON_NAME = AppIcon;
				INFOPLIST_FILE = NavigationBarHiddenAnimatesNaturally/Info.plist;
				LD_RUNPATH_SEARCH_PATHS = "$(inherited) @executable_path/Frameworks";
				PRODUCT_NAME = "$(TARGET_NAME)";
			};
			name = Debug;
		};
		90C059391BA882B100699FBE /* Release */ = {
			isa = XCBuildConfiguration;
			buildSettings = {
				ASSETCATALOG_COMPILER_APPICON_NAME = AppIcon;
				INFOPLIST_FILE = NavigationBarHiddenAnimatesNaturally/Info.plist;
				LD_RUNPATH_SEARCH_PATHS = "$(inherited) @executable_path/Frameworks";
				PRODUCT_NAME = "$(TARGET_NAME)";
			};
			name = Release;
		};
		90C0593B1BA882B100699FBE /* Debug */ = {
			isa = XCBuildConfiguration;
			buildSettings = {
				BUNDLE_LOADER = "$(TEST_HOST)";
				FRAMEWORK_SEARCH_PATHS = (
					"$(SDKROOT)/Developer/Library/Frameworks",
					"$(inherited)",
				);
				GCC_PREPROCESSOR_DEFINITIONS = (
					"DEBUG=1",
					"$(inherited)",
				);
				INFOPLIST_FILE = NavigationBarHiddenAnimatesNaturallyTests/Info.plist;
				LD_RUNPATH_SEARCH_PATHS = "$(inherited) @executable_path/Frameworks @loader_path/Frameworks";
				PRODUCT_NAME = "$(TARGET_NAME)";
				TEST_HOST = "$(BUILT_PRODUCTS_DIR)/NavigationBarHiddenAnimatesNaturally.app/NavigationBarHiddenAnimatesNaturally";
			};
			name = Debug;
		};
		90C0593C1BA882B100699FBE /* Release */ = {
			isa = XCBuildConfiguration;
			buildSettings = {
				BUNDLE_LOADER = "$(TEST_HOST)";
				FRAMEWORK_SEARCH_PATHS = (
					"$(SDKROOT)/Developer/Library/Frameworks",
					"$(inherited)",
				);
				INFOPLIST_FILE = NavigationBarHiddenAnimatesNaturallyTests/Info.plist;
				LD_RUNPATH_SEARCH_PATHS = "$(inherited) @executable_path/Frameworks @loader_path/Frameworks";
				PRODUCT_NAME = "$(TARGET_NAME)";
				TEST_HOST = "$(BUILT_PRODUCTS_DIR)/NavigationBarHiddenAnimatesNaturally.app/NavigationBarHiddenAnimatesNaturally";
			};
			name = Release;
		};
/* End XCBuildConfiguration section */

/* Begin XCConfigurationList section */
		90C059131BA882B100699FBE /* Build configuration list for PBXProject "NavigationBarHiddenAnimatesNaturally" */ = {
			isa = XCConfigurationList;
			buildConfigurations = (
				90C059351BA882B100699FBE /* Debug */,
				90C059361BA882B100699FBE /* Release */,
			);
			defaultConfigurationIsVisible = 0;
			defaultConfigurationName = Release;
		};
		90C059371BA882B100699FBE /* Build configuration list for PBXNativeTarget "NavigationBarHiddenAnimatesNaturally" */ = {
			isa = XCConfigurationList;
			buildConfigurations = (
				90C059381BA882B100699FBE /* Debug */,
				90C059391BA882B100699FBE /* Release */,
			);
			defaultConfigurationIsVisible = 0;
		};
		90C0593A1BA882B100699FBE /* Build configuration list for PBXNativeTarget "NavigationBarHiddenAnimatesNaturallyTests" */ = {
			isa = XCConfigurationList;
			buildConfigurations = (
				90C0593B1BA882B100699FBE /* Debug */,
				90C0593C1BA882B100699FBE /* Release */,
			);
			defaultConfigurationIsVisible = 0;
		};
/* End XCConfigurationList section */
	};
	rootObject = 90C059101BA882B100699FBE /* Project object */;
}
